#
# This file is autogenerated by pip-compile with Python 3.12
# by the following command:
#
#    pip-compile --no-index --output-file=requirements.lock --strip-extras requirements.txt
#
alembic==1.20.0
    # via -r requirements.txt
amqp==5.3.1
    # via kombu
annotated-doc==0.0.5
    # via fastapi
annotated-types==0.8.0
    # via pydantic
anthropic==1.5.0
    # via -r requirements.txt
anyio==4.15.1
    # via
    #   anthropic
    #   google-genai
    #   httpx
    #   httpx2
    #   langsmith
    #   openai
    #   starlette
    #   watchfiles
argon2-cffi==25.1.0
    # via minio
argon2-cffi-bindings==26.1.0
    # via argon2-cffi
asyncpg==0.31.0
    # via -r requirements.txt
bcrypt==5.0.0
    # via passlib
billiard==4.2.4
    # via celery
celery==5.6.3
    # via -r requirements.txt
certifi==2026.7.22
    # via
    #   httpcore
    #   httpx
    #   minio
    #   requests
cffi==2.1.1
    # via
    #   argon2-cffi-bindings
    #   cryptography
charset-normalizer==3.5.1
    # via
    #   reportlab
    #   requests
click==8.5.0
    # via
    #   celery
    #   click-didyoumean
    #   click-plugins
    #   click-repl
    #   uvicorn
click-didyoumean==0.3.1
    # via celery
click-plugins==1.1.1.2
    # via celery
click-repl==0.3.0
    # via celery
cryptography==50.0.1
    # via
    #   google-auth
    #   python-jose
deprecated==1.3.1
    # via limits
distro==1.9.0
    # via
    #   google-genai
    #   langsmith
dnspython==2.8.0
    # via email-validator
docstring-parser==0.18.0
    # via anthropic
ecdsa==0.19.2
    # via python-jose
email-validator==2.3.0
    # via -r requirements.txt
fastapi==0.141.1
    # via -r requirements.txt
google-auth==2.58.0
    # via google-genai
google-genai==2.23.0
    # via -r requirements.txt
greenlet==3.5.6
    # via sqlalchemy
h11==0.16.0
    # via
    #   httpcore
    #   httpcore2
    #   uvicorn
httpcore==1.0.9
    # via httpx
httpcore2==2.13.0
    # via httpx2
httptools==0.8.0
    # via uvicorn
httpx==0.28.1
    # via
    #   -r requirements.txt
    #   google-genai
    #   langchain-core
    #   langgraph-sdk
httpx2==2.13.0
    # via
    #   anthropic
    #   langsmith
    #   openai
idna==3.19
    # via
    #   anyio
    #   email-validator
    #   httpx
    #   httpx2
    #   requests
iniconfig==2.3.0
    # via pytest
jiter==0.17.0
    # via
    #   anthropic
    #   openai
jsonpatch==1.33
    # via langchain-core
jsonpointer==3.1.1
    # via jsonpatch
kombu==5.6.2
    # via celery
langchain==1.4.0
    # via -r requirements.txt
langchain-core==1.6.3
    # via
    #   langchain
    #   langgraph
    #   langgraph-checkpoint
    #   langgraph-prebuilt
    #   langgraph-sdk
langchain-protocol==0.0.19
    # via
    #   langchain-core
    #   langgraph-sdk
langgraph==1.2.11
    # via langchain
langgraph-checkpoint==4.2.0
    # via
    #   langgraph
    #   langgraph-prebuilt
langgraph-prebuilt==1.1.0
    # via langgraph
langgraph-sdk==0.4.4
    # via langgraph
langsmith==0.12.4
    # via langchain-core
limits==5.8.0
    # via slowapi
mako==1.4.1
    # via alembic
markupsafe==3.0.3
    # via mako
minio==7.2.20
    # via -r requirements.txt
openai==3.14.0
    # via -r requirements.txt
orjson==3.12.0
    # via
    #   langgraph-sdk
    #   langsmith
ormsgpack==1.12.2
    # via langgraph-checkpoint
packaging==26.3
    # via
    #   kombu
    #   langchain-core
    #   langsmith
    #   limits
    #   pytest
passlib==1.7.4
    # via -r requirements.txt
phonenumbers==9.0.38
    # via -r requirements.txt
pillow==12.3.0
    # via reportlab
pluggy==1.6.0
    # via pytest
prompt-toolkit==3.0.53
    # via click-repl
psycopg2-binary==2.9.13
    # via -r requirements.txt
pyasn1==0.6.4
    # via
    #   pyasn1-modules
    #   python-jose
    #   rsa
pyasn1-modules==0.4.2
    # via google-auth
pycparser==3.0
    # via cffi
pycryptodome==3.23.0
    # via minio
pydantic==2.13.5
    # via
    #   -r requirements.txt
    #   anthropic
    #   fastapi
    #   google-genai
    #   langchain
    #   langchain-core
    #   langgraph
    #   langsmith
    #   openai
    #   pydantic-settings
pydantic-core==2.46.5
    # via pydantic
pydantic-settings==2.15.0
    # via -r requirements.txt
pygments==2.21.0
    # via pytest
pytest==9.1.1
    # via -r requirements.txt
python-dateutil==2.9.0.post0
    # via celery
python-dotenv==1.2.3
    # via
    #   pydantic-settings
    #   uvicorn
python-jose==3.5.0
    # via -r requirements.txt
python-multipart==0.0.32
    # via -r requirements.txt
pyyaml==6.0.3
    # via
    #   langchain-core
    #   uvicorn
redis==8.1.0
    # via -r requirements.txt
reportlab==4.5.1
    # via -r requirements.txt
requests==2.32.5
    # via
    #   -r requirements.txt
    #   google-auth
    #   google-genai
    #   langsmith
    #   requests-toolbelt
    #   stripe
requests-toolbelt==1.0.0
    # via langsmith
rsa==4.9.1
    # via python-jose
six==1.17.0
    # via
    #   ecdsa
    #   python-dateutil
slowapi==0.1.10
    # via -r requirements.txt
sniffio==1.3.1
    # via
    #   anthropic
    #   google-genai
    #   langsmith
    #   openai
sqlalchemy==2.0.53
    # via
    #   -r requirements.txt
    #   alembic
starlette==1.6.0
    # via fastapi
stripe==15.6.0
    # via -r requirements.txt
tenacity==9.1.4
    # via
    #   google-genai
    #   langchain-core
truststore==0.10.4
    # via
    #   httpcore2
    #   httpx2
typing-extensions==4.16.0
    # via
    #   alembic
    #   anthropic
    #   anyio
    #   fastapi
    #   google-genai
    #   httpx2
    #   langchain-core
    #   langchain-protocol
    #   langsmith
    #   limits
    #   minio
    #   openai
    #   pydantic
    #   pydantic-core
    #   sqlalchemy
    #   starlette
    #   stripe
    #   typing-inspection
typing-inspection==0.4.4
    # via
    #   fastapi
    #   pydantic
    #   pydantic-settings
tzdata==2026.4
    # via kombu
tzlocal==5.4.4
    # via celery
urllib3==2.7.0
    # via
    #   minio
    #   requests
uuid-utils==0.17.1
    # via
    #   langchain-core
    #   langsmith
uvicorn==0.53.0
    # via -r requirements.txt
uvloop==0.22.1
    # via uvicorn
vine==5.1.0
    # via
    #   amqp
    #   celery
    #   kombu
watchfiles==1.2.0
    # via uvicorn
wcwidth==0.8.3
    # via prompt-toolkit
websockets==16.1.1
    # via
    #   google-genai
    #   langgraph-sdk
    #   langsmith
    #   uvicorn
wrapt==2.4.1
    # via deprecated
xxhash==4.0.1
    # via
    #   langgraph
    #   langsmith
zstandard==0.25.0
    # via langsmith
